
Microsoft Visual Studio Solution File, Format Version 12.00
# Visual Studio 15
VisualStudioVersion = 15.0.27703.2035
MinimumVisualStudioVersion = 10.0.40219.1
Project("{888888A0-9F3D-457C-B088-3A5042F75D52}") = "isolation forest", "isolation forest\isolation forest.pyproj", "{5D2D4944-C36D-441A-85B2-F94CF5F250AB}"
EndProject
Global
	GlobalSection(SolutionConfigurationPlatforms) = preSolution
		Debug|Any CPU = Debug|Any CPU
		Release|Any CPU = Release|Any CPU
	EndGlobalSection
	GlobalSection(ProjectConfigurationPlatforms) = postSolution
		{5D2D4944-C36D-441A-85B2-F94CF5F250AB}.Debug|Any CPU.ActiveCfg = Debug|Any CPU
		{5D2D4944-C36D-441A-85B2-F94CF5F250AB}.Release|Any CPU.ActiveCfg = Release|Any CPU
	EndGlobalSection
	GlobalSection(SolutionProperties) = preSolution
		HideSolutionNode = FALSE
	EndGlobalSection
	GlobalSection(ExtensibilityGlobals) = postSolution
		SolutionGuid = {6257D753-A559-4F4E-BE36-349EAC59F83C}
	EndGlobalSection
EndGlobal
